
Microsoft Visual Studio Solution File, Format Version 12.00
# Visual Studio Version 16
VisualStudioVersion = 16.0.30503.244
MinimumVisualStudioVersion = 10.0.40219.1
Project("{FAE04EC0-301F-11D3-BF4B-00C04F79EFBC}") = "RIvanvosCalculator", "RIvanvosCalculator\RIvanvosCalculator.csproj", "{A080FAC9-4A65-4BD7-8F85-E82D4D7A8AAD}"
EndProject
Global
	GlobalSection(SolutionConfigurationPlatforms) = preSolution
		Debug|Any CPU = Debug|Any CPU
		Release|Any CPU = Release|Any CPU
	EndGlobalSection
	GlobalSection(ProjectConfigurationPlatforms) = postSolution
		{A080FAC9-4A65-4BD7-8F85-E82D4D7A8AAD}.Debug|Any CPU.ActiveCfg = Debug|Any CPU
		{A080FAC9-4A65-4BD7-8F85-E82D4D7A8AAD}.Debug|Any CPU.Build.0 = Debug|Any CPU
		{A080FAC9-4A65-4BD7-8F85-E82D4D7A8AAD}.Release|Any CPU.ActiveCfg = Release|Any CPU
		{A080FAC9-4A65-4BD7-8F85-E82D4D7A8AAD}.Release|Any CPU.Build.0 = Release|Any CPU
	EndGlobalSection
	GlobalSection(SolutionProperties) = preSolution
		HideSolutionNode = FALSE
	EndGlobalSection
	GlobalSection(ExtensibilityGlobals) = postSolution
		SolutionGuid = {9ECCC013-1A2A-4DA9-ADD6-419BF2C7F7D7}
	EndGlobalSection
EndGlobal
